// !$*UTF8*$!
{
	archiveVersion = 1;
	classes = {
	};
	objectVersion = 46;
	objects = {

/* Begin PBXBuildFile section */
		B62BE8061D291ED500D6D641 /* AppDelegate.swift in Sources */ = {isa = PBXBuildFile; fileRef = B62BE8051D291ED500D6D641 /* AppDelegate.swift */; };
		B62BE8081D291ED600D6D641 /* ViewController.swift in Sources */ = {isa = PBXBuildFile; fileRef = B62BE8071D291ED500D6D641 /* ViewController.swift */; };
		B62BE80B1D291ED600D6D641 /* Main.storyboard in Resources */ = {isa = PBXBuildFile; fileRef = B62BE8091D291ED600D6D641 /* Main.storyboard */; };
		B62BE80E1D291ED600D6D641 /* app_recepiec_withCoreData.xcdatamodeld in Sources */ = {isa = PBXBuildFile; fileRef = B62BE80C1D291ED600D6D641 /* app_recepiec_withCoreData.xcdatamodeld */; };
		B62BE8101D291ED600D6D641 /* Assets.xcassets in Resources */ = {isa = PBXBuildFile; fileRef = B62BE80F1D291ED600D6D641 /* Assets.xcassets */; };
		B62BE8131D291ED600D6D641 /* LaunchScreen.storyboard in Resources */ = {isa = PBXBuildFile; fileRef = B62BE8111D291ED600D6D641 /* LaunchScreen.storyboard */; };
		B62BE81F1D29519600D6D641 /* Recepies+CoreDataProperties.swift in Sources */ = {isa = PBXBuildFile; fileRef = B62BE81D1D29519600D6D641 /* Recepies+CoreDataProperties.swift */; };
		B62BE8201D29519600D6D641 /* Recepies.swift in Sources */ = {isa = PBXBuildFile; fileRef = B62BE81E1D29519600D6D641 /* Recepies.swift */; };
		B62BE8221D2956A300D6D641 /* RecipeCell.swift in Sources */ = {isa = PBXBuildFile; fileRef = B62BE8211D2956A300D6D641 /* RecipeCell.swift */; };
		B62BE8241D295EC800D6D641 /* CreatRecipeVC.swift in Sources */ = {isa = PBXBuildFile; fileRef = B62BE8231D295EC800D6D641 /* CreatRecipeVC.swift */; };
/* End PBXBuildFile section */

/* Begin PBXFileReference section */
		B62BE8021D291ED500D6D641 /* app-recepiec-withCoreData.app */ = {isa = PBXFileReference; explicitFileType = wrapper.application; includeInIndex = 0; path = "app-recepiec-withCoreData.app"; sourceTree = BUILT_PRODUCTS_DIR; };
		B62BE8051D291ED500D6D641 /* AppDelegate.swift */ = {isa = PBXFileReference; lastKnownFileType = sourcecode.swift; path = AppDelegate.swift; sourceTree = "<group>"; };
		B62BE8071D291ED500D6D641 /* ViewController.swift */ = {isa = PBXFileReference; lastKnownFileType = sourcecode.swift; path = ViewController.swift; sourceTree = "<group>"; };
		B62BE80A1D291ED600D6D641 /* Base */ = {isa = PBXFileReference; lastKnownFileType = file.storyboard; name = Base; path = Base.lproj/Main.storyboard; sourceTree = "<group>"; };
		B62BE80D1D291ED600D6D641 /* app_recepiec_withCoreData.xcdatamodel */ = {isa = PBXFileReference; lastKnownFileType = wrapper.xcdatamodel; path = app_recepiec_withCoreData.xcdatamodel; sourceTree = "<group>"; };
		B62BE80F1D291ED600D6D641 /* Assets.xcassets */ = {isa = PBXFileReference; lastKnownFileType = folder.assetcatalog; path = Assets.xcassets; sourceTree = "<group>"; };
		B62BE8121D291ED600D6D641 /* Base */ = {isa = PBXFileReference; lastKnownFileType = file.storyboard; name = Base; path = Base.lproj/LaunchScreen.storyboard; sourceTree = "<group>"; };
		B62BE8141D291ED600D6D641 /* Info.plist */ = {isa = PBXFileReference; lastKnownFileType = text.plist.xml; path = Info.plist; sourceTree = "<group>"; };
		B62BE81D1D29519600D6D641 /* Recepies+CoreDataProperties.swift */ = {isa = PBXFileReference; fileEncoding = 4; lastKnownFileType = sourcecode.swift; name = "Recepies+CoreDataProperties.swift"; path = "../Recepies+CoreDataProperties.swift"; sourceTree = "<group>"; };
		B62BE81E1D29519600D6D641 /* Recepies.swift */ = {isa = PBXFileReference; fileEncoding = 4; lastKnownFileType = sourcecode.swift; name = Recepies.swift; path = ../Recepies.swift; sourceTree = "<group>"; };
		B62BE8211D2956A300D6D641 /* RecipeCell.swift */ = {isa = PBXFileReference; fileEncoding = 4; lastKnownFileType = sourcecode.swift; path = RecipeCell.swift; sourceTree = "<group>"; };
		B62BE8231D295EC800D6D641 /* CreatRecipeVC.swift */ = {isa = PBXFileReference; fileEncoding = 4; lastKnownFileType = sourcecode.swift; path = CreatRecipeVC.swift; sourceTree = "<group>"; };
/* End PBXFileReference section */

/* Begin PBXFrameworksBuildPhase section */
		B62BE7FF1D291ED500D6D641 /* Frameworks */ = {
			isa = PBXFrameworksBuildPhase;
			buildActionMask = 2147483647;
			files = (
			);
			runOnlyForDeploymentPostprocessing = 0;
		};
/* End PBXFrameworksBuildPhase section */

/* Begin PBXGroup section */
		B62BE7F91D291ED500D6D641 = {
			isa = PBXGroup;
			children = (
				B62BE8041D291ED500D6D641 /* app-recepiec-withCoreData */,
				B62BE8031D291ED500D6D641 /* Products */,
			);
			sourceTree = "<group>";
		};
		B62BE8031D291ED500D6D641 /* Products */ = {
			isa = PBXGroup;
			children = (
				B62BE8021D291ED500D6D641 /* app-recepiec-withCoreData.app */,
			);
			name = Products;
			sourceTree = "<group>";
		};
		B62BE8041D291ED500D6D641 /* app-recepiec-withCoreData */ = {
			isa = PBXGroup;
			children = (
				B62BE81C1D29517700D6D641 /* Controller */,
				B62BE81B1D29517000D6D641 /* View */,
				B62BE81A1D29516A00D6D641 /* Model */,
				B62BE8051D291ED500D6D641 /* AppDelegate.swift */,
				B62BE8091D291ED600D6D641 /* Main.storyboard */,
				B62BE80F1D291ED600D6D641 /* Assets.xcassets */,
				B62BE8111D291ED600D6D641 /* LaunchScreen.storyboard */,
				B62BE8141D291ED600D6D641 /* Info.plist */,
				B62BE80C1D291ED600D6D641 /* app_recepiec_withCoreData.xcdatamodeld */,
			);
			path = "app-recepiec-withCoreData";
			sourceTree = "<group>";
		};
		B62BE81A1D29516A00D6D641 /* Model */ = {
			isa = PBXGroup;
			children = (
				B62BE81D1D29519600D6D641 /* Recepies+CoreDataProperties.swift */,
				B62BE81E1D29519600D6D641 /* Recepies.swift */,
			);
			name = Model;
			sourceTree = "<group>";
		};
		B62BE81B1D29517000D6D641 /* View */ = {
			isa = PBXGroup;
			children = (
				B62BE8211D2956A300D6D641 /* RecipeCell.swift */,
			);
			name = View;
			sourceTree = "<group>";
		};
		B62BE81C1D29517700D6D641 /* Controller */ = {
			isa = PBXGroup;
			children = (
				B62BE8071D291ED500D6D641 /* ViewController.swift */,
				B62BE8231D295EC800D6D641 /* CreatRecipeVC.swift */,
			);
			name = Controller;
			sourceTree = "<group>";
		};
/* End PBXGroup section */

/* Begin PBXNativeTarget section */
		B62BE8011D291ED500D6D641 /* app-recepiec-withCoreData */ = {
			isa = PBXNativeTarget;
			buildConfigurationList = B62BE8171D291ED600D6D641 /* Build configuration list for PBXNativeTarget "app-recepiec-withCoreData" */;
			buildPhases = (
				B62BE7FE1D291ED500D6D641 /* Sources */,
				B62BE7FF1D291ED500D6D641 /* Frameworks */,
				B62BE8001D291ED500D6D641 /* Resources */,
			);
			buildRules = (
			);
			dependencies = (
			);
			name = "app-recepiec-withCoreData";
			productName = "app-recepiec-withCoreData";
			productReference = B62BE8021D291ED500D6D641 /* app-recepiec-withCoreData.app */;
			productType = "com.apple.product-type.application";
		};
/* End PBXNativeTarget section */

/* Begin PBXProject section */
		B62BE7FA1D291ED500D6D641 /* Project object */ = {
			isa = PBXProject;
			attributes = {
				LastUpgradeCheck = 0700;
				ORGANIZATIONNAME = iosApp;
				TargetAttributes = {
					B62BE8011D291ED500D6D641 = {
						CreatedOnToolsVersion = 7.0;
						DevelopmentTeam = UHJSHJ73VS;
					};
				};
			};
			buildConfigurationList = B62BE7FD1D291ED500D6D641 /* Build configuration list for PBXProject "app-recepiec-withCoreData" */;
			compatibilityVersion = "Xcode 3.2";
			developmentRegion = English;
			hasScannedForEncodings = 0;
			knownRegions = (
				en,
				Base,
			);
			mainGroup = B62BE7F91D291ED500D6D641;
			productRefGroup = B62BE8031D291ED500D6D641 /* Products */;
			projectDirPath = "";
			projectRoot = "";
			targets = (
				B62BE8011D291ED500D6D641 /* app-recepiec-withCoreData */,
			);
		};
/* End PBXProject section */

/* Begin PBXResourcesBuildPhase section */
		B62BE8001D291ED500D6D641 /* Resources */ = {
			isa = PBXResourcesBuildPhase;
			buildActionMask = 2147483647;
			files = (
				B62BE8131D291ED600D6D641 /* LaunchScreen.storyboard in Resources */,
				B62BE8101D291ED600D6D641 /* Assets.xcassets in Resources */,
				B62BE80B1D291ED600D6D641 /* Main.storyboard in Resources */,
			);
			runOnlyForDeploymentPostprocessing = 0;
		};
/* End PBXResourcesBuildPhase section */

/* Begin PBXSourcesBuildPhase section */
		B62BE7FE1D291ED500D6D641 /* Sources */ = {
			isa = PBXSourcesBuildPhase;
			buildActionMask = 2147483647;
			files = (
				B62BE8081D291ED600D6D641 /* ViewController.swift in Sources */,
				B62BE8241D295EC800D6D641 /* CreatRecipeVC.swift in Sources */,
				B62BE81F1D29519600D6D641 /* Recepies+CoreDataProperties.swift in Sources */,
				B62BE80E1D291ED600D6D641 /* app_recepiec_withCoreData.xcdatamodeld in Sources */,
				B62BE8221D2956A300D6D641 /* RecipeCell.swift in Sources */,
				B62BE8201D29519600D6D641 /* Recepies.swift in Sources */,
				B62BE8061D291ED500D6D641 /* AppDelegate.swift in Sources */,
			);
			runOnlyForDeploymentPostprocessing = 0;
		};
/* End PBXSourcesBuildPhase section */

/* Begin PBXVariantGroup section */
		B62BE8091D291ED600D6D641 /* Main.storyboard */ = {
			isa = PBXVariantGroup;
			children = (
				B62BE80A1D291ED600D6D641 /* Base */,
			);
			name = Main.storyboard;
			sourceTree = "<group>";
		};
		B62BE8111D291ED600D6D641 /* LaunchScreen.storyboard */ = {
			isa = PBXVariantGroup;
			children = (
				B62BE8121D291ED600D6D641 /* Base */,
			);
			name = LaunchScreen.storyboard;
			sourceTree = "<group>";
		};
/* End PBXVariantGroup section */

/* Begin XCBuildConfiguration section */
		B62BE8151D291ED600D6D641 /* Debug */ = {
			isa = XCBuildConfiguration;
			buildSettings = {
				ALWAYS_SEARCH_USER_PATHS = NO;
				CLANG_CXX_LANGUAGE_STANDARD = "gnu++0x";
				CLANG_CXX_LIBRARY = "libc++";
				CLANG_ENABLE_MODULES = YES;
				CLANG_ENABLE_OBJC_ARC = YES;
				CLANG_WARN_BOOL_CONVERSION = YES;
				CLANG_WARN_CONSTANT_CONVERSION = YES;
				CLANG_WARN_DIRECT_OBJC_ISA_USAGE = YES_ERROR;
				CLANG_WARN_EMPTY_BODY = YES;
				CLANG_WARN_ENUM_CONVERSION = YES;
				CLANG_WARN_INT_CONVERSION = YES;
				CLANG_WARN_OBJC_ROOT_CLASS = YES_ERROR;
				CLANG_WARN_UNREACHABLE_CODE = YES;
				CLANG_WARN__DUPLICATE_METHOD_MATCH = YES;
				"CODE_SIGN_IDENTITY[sdk=iphoneos*]" = "iPhone Developer";
				COPY_PHASE_STRIP = NO;
				DEBUG_INFORMATION_FORMAT = dwarf;
				ENABLE_STRICT_OBJC_MSGSEND = YES;
				ENABLE_TESTABILITY = YES;
				GCC_C_LANGUAGE_STANDARD = gnu99;
				GCC_DYNAMIC_NO_PIC = NO;
				GCC_NO_COMMON_BLOCKS = YES;
				GCC_OPTIMIZATION_LEVEL = 0;
				GCC_PREPROCESSOR_DEFINITIONS = (
					"DEBUG=1",
					"$(inherited)",
				);
				GCC_WARN_64_TO_32_BIT_CONVERSION = YES;
				GCC_WARN_ABOUT_RETURN_TYPE = YES_ERROR;
				GCC_WARN_UNDECLARED_SELECTOR = YES;
				GCC_WARN_UNINITIALIZED_AUTOS = YES_AGGRESSIVE;
				GCC_WARN_UNUSED_FUNCTION = YES;
				GCC_WARN_UNUSED_VARIABLE = YES;
				IPHONEOS_DEPLOYMENT_TARGET = 9.0;
				MTL_ENABLE_DEBUG_INFO = YES;
				ONLY_ACTIVE_ARCH = YES;
				SDKROOT = iphoneos;
				SWIFT_OPTIMIZATION_LEVEL = "-Onone";
			};
			name = Debug;
		};
		B62BE8161D291ED600D6D641 /* Release */ = {
			isa = XCBuildConfiguration;
			buildSettings = {
				ALWAYS_SEARCH_USER_PATHS = NO;
				CLANG_CXX_LANGUAGE_STANDARD = "gnu++0x";
				CLANG_CXX_LIBRARY = "libc++";
				CLANG_ENABLE_MODULES = YES;
				CLANG_ENABLE_OBJC_ARC = YES;
				CLANG_WARN_BOOL_CONVERSION = YES;
				CLANG_WARN_CONSTANT_CONVERSION = YES;
				CLANG_WARN_DIRECT_OBJC_ISA_USAGE = YES_ERROR;
				CLANG_WARN_EMPTY_BODY = YES;
				CLANG_WARN_ENUM_CONVERSION = YES;
				CLANG_WARN_INT_CONVERSION = YES;
				CLANG_WARN_OBJC_ROOT_CLASS = YES_ERROR;
				CLANG_WARN_UNREACHABLE_CODE = YES;
				CLANG_WARN__DUPLICATE_METHOD_MATCH = YES;
				"CODE_SIGN_IDENTITY[sdk=iphoneos*]" = "iPhone Developer";
				COPY_PHASE_STRIP = NO;
				DEBUG_INFORMATION_FORMAT = "dwarf-with-dsym";
				ENABLE_NS_ASSERTIONS = NO;
				ENABLE_STRICT_OBJC_MSGSEND = YES;
				GCC_C_LANGUAGE_STANDARD = gnu99;
				GCC_NO_COMMON_BLOCKS = YES;
				GCC_WARN_64_TO_32_BIT_CONVERSION = YES;
				GCC_WARN_ABOUT_RETURN_TYPE = YES_ERROR;
				GCC_WARN_UNDECLARED_SELECTOR = YES;
				GCC_WARN_UNINITIALIZED_AUTOS = YES_AGGRESSIVE;
				GCC_WARN_UNUSED_FUNCTION = YES;
				GCC_WARN_UNUSED_VARIABLE = YES;
				IPHONEOS_DEPLOYMENT_TARGET = 9.0;
				MTL_ENABLE_DEBUG_INFO = NO;
				SDKROOT = iphoneos;
				VALIDATE_PRODUCT = YES;
			};
			name = Release;
		};
		B62BE8181D291ED600D6D641 /* Debug */ = {
			isa = XCBuildConfiguration;
			buildSettings = {
				ASSETCATALOG_COMPILER_APPICON_NAME = AppIcon;
				DEVELOPMENT_TEAM = UHJSHJ73VS;
				INFOPLIST_FILE = "app-recepiec-withCoreData/Info.plist";
				LD_RUNPATH_SEARCH_PATHS = "$(inherited) @executable_path/Frameworks";
				PRODUCT_BUNDLE_IDENTIFIER = "com.test.app-recepiec-withCoreData";
				PRODUCT_NAME = "$(TARGET_NAME)";
				SWIFT_VERSION = 2.3;
			};
			name = Debug;
		};
		B62BE8191D291ED600D6D641 /* Release */ = {
			isa = XCBuildConfiguration;
			buildSettings = {
				ASSETCATALOG_COMPILER_APPICON_NAME = AppIcon;
				DEVELOPMENT_TEAM = UHJSHJ73VS;
				INFOPLIST_FILE = "app-recepiec-withCoreData/Info.plist";
				LD_RUNPATH_SEARCH_PATHS = "$(inherited) @executable_path/Frameworks";
				PRODUCT_BUNDLE_IDENTIFIER = "com.test.app-recepiec-withCoreData";
				PRODUCT_NAME = "$(TARGET_NAME)";
				SWIFT_VERSION = 2.3;
			};
			name = Release;
		};
/* End XCBuildConfiguration section */

/* Begin XCConfigurationList section */
		B62BE7FD1D291ED500D6D641 /* Build configuration list for PBXProject "app-recepiec-withCoreData" */ = {
			isa = XCConfigurationList;
			buildConfigurations = (
				B62BE8151D291ED600D6D641 /* Debug */,
				B62BE8161D291ED600D6D641 /* Release */,
			);
			defaultConfigurationIsVisible = 0;
			defaultConfigurationName = Release;
		};
		B62BE8171D291ED600D6D641 /* Build configuration list for PBXNativeTarget "app-recepiec-withCoreData" */ = {
			isa = XCConfigurationList;
			buildConfigurations = (
				B62BE8181D291ED600D6D641 /* Debug */,
				B62BE8191D291ED600D6D641 /* Release */,
			);
			defaultConfigurationIsVisible = 0;
			defaultConfigurationName = Release;
		};
/* End XCConfigurationList section */

/* Begin XCVersionGroup section */
		B62BE80C1D291ED600D6D641 /* app_recepiec_withCoreData.xcdatamodeld */ = {
			isa = XCVersionGroup;
			children = (
				B62BE80D1D291ED600D6D641 /* app_recepiec_withCoreData.xcdatamodel */,
			);
			currentVersion = B62BE80D1D291ED600D6D641 /* app_recepiec_withCoreData.xcdatamodel */;
			path = app_recepiec_withCoreData.xcdatamodeld;
			sourceTree = "<group>";
			versionGroupType = wrapper.xcdatamodel;
		};
/* End XCVersionGroup section */
	};
	rootObject = B62BE7FA1D291ED500D6D641 /* Project object */;
}
